// !$*UTF8*$!
{
	archiveVersion = 1;
	classes = {
	};
	objectVersion = 50;
	objects = {

/* Begin PBXBuildFile section */
		D9F45B112252F585004014D2 /* AppDelegate.swift in Sources */ = {isa = PBXBuildFile; fileRef = D9F45B102252F585004014D2 /* AppDelegate.swift */; };
		D9F45B132252F585004014D2 /* MealViewController.swift in Sources */ = {isa = PBXBuildFile; fileRef = D9F45B122252F585004014D2 /* MealViewController.swift */; };
		D9F45B162252F585004014D2 /* Main.storyboard in Resources */ = {isa = PBXBuildFile; fileRef = D9F45B142252F585004014D2 /* Main.storyboard */; };
		D9F45B182252F587004014D2 /* Assets.xcassets in Resources */ = {isa = PBXBuildFile; fileRef = D9F45B172252F587004014D2 /* Assets.xcassets */; };
		D9F45B1B2252F587004014D2 /* LaunchScreen.storyboard in Resources */ = {isa = PBXBuildFile; fileRef = D9F45B192252F587004014D2 /* LaunchScreen.storyboard */; };
		D9F45B262252F587004014D2 /* FoodtTrackerTests.swift in Sources */ = {isa = PBXBuildFile; fileRef = D9F45B252252F587004014D2 /* FoodtTrackerTests.swift */; };
		D9F45B31225311CC004014D2 /* RatingControl.swift in Sources */ = {isa = PBXBuildFile; fileRef = D9F45B30225311CC004014D2 /* RatingControl.swift */; };
		D9FB5294225C7C6E0054CD67 /* Meal.swift in Sources */ = {isa = PBXBuildFile; fileRef = D9FB5293225C7C6E0054CD67 /* Meal.swift */; };
		D9FB5296225C7CC60054CD67 /* MealTableViewCell.swift in Sources */ = {isa = PBXBuildFile; fileRef = D9FB5295225C7CC60054CD67 /* MealTableViewCell.swift */; };
		D9FB5298225C80E00054CD67 /* MealTableViewController.swift in Sources */ = {isa = PBXBuildFile; fileRef = D9FB5297225C80E00054CD67 /* MealTableViewController.swift */; };
/* End PBXBuildFile section */

/* Begin PBXContainerItemProxy section */
		D9F45B222252F587004014D2 /* PBXContainerItemProxy */ = {
			isa = PBXContainerItemProxy;
			containerPortal = D9F45B052252F585004014D2 /* Project object */;
			proxyType = 1;
			remoteGlobalIDString = D9F45B0C2252F585004014D2;
			remoteInfo = FoodtTracker;
		};
/* End PBXContainerItemProxy section */

/* Begin PBXFileReference section */
		D9F45B0D2252F585004014D2 /* FoodtTracker.app */ = {isa = PBXFileReference; explicitFileType = wrapper.application; includeInIndex = 0; path = FoodtTracker.app; sourceTree = BUILT_PRODUCTS_DIR; };
		D9F45B102252F585004014D2 /* AppDelegate.swift */ = {isa = PBXFileReference; lastKnownFileType = sourcecode.swift; path = AppDelegate.swift; sourceTree = "<group>"; };
		D9F45B122252F585004014D2 /* MealViewController.swift */ = {isa = PBXFileReference; lastKnownFileType = sourcecode.swift; path = MealViewController.swift; sourceTree = "<group>"; };
		D9F45B152252F585004014D2 /* Base */ = {isa = PBXFileReference; lastKnownFileType = file.storyboard; name = Base; path = Base.lproj/Main.storyboard; sourceTree = "<group>"; };
		D9F45B172252F587004014D2 /* Assets.xcassets */ = {isa = PBXFileReference; lastKnownFileType = folder.assetcatalog; path = Assets.xcassets; sourceTree = "<group>"; };
		D9F45B1A2252F587004014D2 /* Base */ = {isa = PBXFileReference; lastKnownFileType = file.storyboard; name = Base; path = Base.lproj/LaunchScreen.storyboard; sourceTree = "<group>"; };
		D9F45B1C2252F587004014D2 /* Info.plist */ = {isa = PBXFileReference; lastKnownFileType = text.plist.xml; path = Info.plist; sourceTree = "<group>"; };
		D9F45B212252F587004014D2 /* FoodtTrackerTests.xctest */ = {isa = PBXFileReference; explicitFileType = wrapper.cfbundle; includeInIndex = 0; path = FoodtTrackerTests.xctest; sourceTree = BUILT_PRODUCTS_DIR; };
		D9F45B252252F587004014D2 /* FoodtTrackerTests.swift */ = {isa = PBXFileReference; lastKnownFileType = sourcecode.swift; path = FoodtTrackerTests.swift; sourceTree = "<group>"; };
		D9F45B272252F587004014D2 /* Info.plist */ = {isa = PBXFileReference; lastKnownFileType = text.plist.xml; path = Info.plist; sourceTree = "<group>"; };
		D9F45B30225311CC004014D2 /* RatingControl.swift */ = {isa = PBXFileReference; lastKnownFileType = sourcecode.swift; path = RatingControl.swift; sourceTree = "<group>"; };
		D9FB5293225C7C6E0054CD67 /* Meal.swift */ = {isa = PBXFileReference; lastKnownFileType = sourcecode.swift; path = Meal.swift; sourceTree = "<group>"; };
		D9FB5295225C7CC60054CD67 /* MealTableViewCell.swift */ = {isa = PBXFileReference; lastKnownFileType = sourcecode.swift; path = MealTableViewCell.swift; sourceTree = "<group>"; };
		D9FB5297225C80E00054CD67 /* MealTableViewController.swift */ = {isa = PBXFileReference; lastKnownFileType = sourcecode.swift; path = MealTableViewController.swift; sourceTree = "<group>"; };
/* End PBXFileReference section */

/* Begin PBXFrameworksBuildPhase section */
		D9F45B0A2252F585004014D2 /* Frameworks */ = {
			isa = PBXFrameworksBuildPhase;
			buildActionMask = 2147483647;
			files = (
			);
			runOnlyForDeploymentPostprocessing = 0;
		};
		D9F45B1E2252F587004014D2 /* Frameworks */ = {
			isa = PBXFrameworksBuildPhase;
			buildActionMask = 2147483647;
			files = (
			);
			runOnlyForDeploymentPostprocessing = 0;
		};
/* End PBXFrameworksBuildPhase section */

/* Begin PBXGroup section */
		D9F45B042252F585004014D2 = {
			isa = PBXGroup;
			children = (
				D9F45B0F2252F585004014D2 /* FoodtTracker */,
				D9F45B242252F587004014D2 /* FoodtTrackerTests */,
				D9F45B0E2252F585004014D2 /* Products */,
			);
			sourceTree = "<group>";
		};
		D9F45B0E2252F585004014D2 /* Products */ = {
			isa = PBXGroup;
			children = (
				D9F45B0D2252F585004014D2 /* FoodtTracker.app */,
				D9F45B212252F587004014D2 /* FoodtTrackerTests.xctest */,
			);
			name = Products;
			sourceTree = "<group>";
		};
		D9F45B0F2252F585004014D2 /* FoodtTracker */ = {
			isa = PBXGroup;
			children = (
				D9FB529B225C85980054CD67 /* Views */,
				D9FB529A225C856F0054CD67 /* Models */,
				D9FB5299225C854B0054CD67 /* Controls */,
				D9F45B102252F585004014D2 /* AppDelegate.swift */,
				D9F45B142252F585004014D2 /* Main.storyboard */,
				D9F45B172252F587004014D2 /* Assets.xcassets */,
				D9F45B192252F587004014D2 /* LaunchScreen.storyboard */,
				D9F45B1C2252F587004014D2 /* Info.plist */,
			);
			path = FoodtTracker;
			sourceTree = "<group>";
		};
		D9F45B242252F587004014D2 /* FoodtTrackerTests */ = {
			isa = PBXGroup;
			children = (
				D9F45B252252F587004014D2 /* FoodtTrackerTests.swift */,
				D9F45B272252F587004014D2 /* Info.plist */,
			);
			path = FoodtTrackerTests;
			sourceTree = "<group>";
		};
		D9FB5299225C854B0054CD67 /* Controls */ = {
			isa = PBXGroup;
			children = (
				D9FB5297225C80E00054CD67 /* MealTableViewController.swift */,
				D9F45B122252F585004014D2 /* MealViewController.swift */,
			);
			name = Controls;
			sourceTree = "<group>";
		};
		D9FB529A225C856F0054CD67 /* Models */ = {
			isa = PBXGroup;
			children = (
				D9FB5293225C7C6E0054CD67 /* Meal.swift */,
				D9F45B30225311CC004014D2 /* RatingControl.swift */,
			);
			path = Models;
			sourceTree = "<group>";
		};
		D9FB529B225C85980054CD67 /* Views */ = {
			isa = PBXGroup;
			children = (
				D9FB5295225C7CC60054CD67 /* MealTableViewCell.swift */,
			);
			name = Views;
			sourceTree = "<group>";
		};
/* End PBXGroup section */

/* Begin PBXNativeTarget section */
		D9F45B0C2252F585004014D2 /* FoodtTracker */ = {
			isa = PBXNativeTarget;
			buildConfigurationList = D9F45B2A2252F587004014D2 /* Build configuration list for PBXNativeTarget "FoodtTracker" */;
			buildPhases = (
				D9F45B092252F585004014D2 /* Sources */,
				D9F45B0A2252F585004014D2 /* Frameworks */,
				D9F45B0B2252F585004014D2 /* Resources */,
			);
			buildRules = (
			);
			dependencies = (
			);
			name = FoodtTracker;
			productName = FoodtTracker;
			productReference = D9F45B0D2252F585004014D2 /* FoodtTracker.app */;
			productType = "com.apple.product-type.application";
		};
		D9F45B202252F587004014D2 /* FoodtTrackerTests */ = {
			isa = PBXNativeTarget;
			buildConfigurationList = D9F45B2D2252F587004014D2 /* Build configuration list for PBXNativeTarget "FoodtTrackerTests" */;
			buildPhases = (
				D9F45B1D2252F587004014D2 /* Sources */,
				D9F45B1E2252F587004014D2 /* Frameworks */,
				D9F45B1F2252F587004014D2 /* Resources */,
			);
			buildRules = (
			);
			dependencies = (
				D9F45B232252F587004014D2 /* PBXTargetDependency */,
			);
			name = FoodtTrackerTests;
			productName = FoodtTrackerTests;
			productReference = D9F45B212252F587004014D2 /* FoodtTrackerTests.xctest */;
			productType = "com.apple.product-type.bundle.unit-test";
		};
/* End PBXNativeTarget section */

/* Begin PBXProject section */
		D9F45B052252F585004014D2 /* Project object */ = {
			isa = PBXProject;
			attributes = {
				LastSwiftUpdateCheck = 1010;
				LastUpgradeCheck = 1010;
				ORGANIZATIONNAME = "Oleksandr Gribov";
				TargetAttributes = {
					D9F45B0C2252F585004014D2 = {
						CreatedOnToolsVersion = 10.1;
					};
					D9F45B202252F587004014D2 = {
						CreatedOnToolsVersion = 10.1;
						TestTargetID = D9F45B0C2252F585004014D2;
					};
				};
			};
			buildConfigurationList = D9F45B082252F585004014D2 /* Build configuration list for PBXProject "FoodtTracker" */;
			compatibilityVersion = "Xcode 9.3";
			developmentRegion = en;
			hasScannedForEncodings = 0;
			knownRegions = (
				en,
				Base,
			);
			mainGroup = D9F45B042252F585004014D2;
			productRefGroup = D9F45B0E2252F585004014D2 /* Products */;
			projectDirPath = "";
			projectRoot = "";
			targets = (
				D9F45B0C2252F585004014D2 /* FoodtTracker */,
				D9F45B202252F587004014D2 /* FoodtTrackerTests */,
			);
		};
/* End PBXProject section */

/* Begin PBXResourcesBuildPhase section */
		D9F45B0B2252F585004014D2 /* Resources */ = {
			isa = PBXResourcesBuildPhase;
			buildActionMask = 2147483647;
			files = (
				D9F45B1B2252F587004014D2 /* LaunchScreen.storyboard in Resources */,
				D9F45B182252F587004014D2 /* Assets.xcassets in Resources */,
				D9F45B162252F585004014D2 /* Main.storyboard in Resources */,
			);
			runOnlyForDeploymentPostprocessing = 0;
		};
		D9F45B1F2252F587004014D2 /* Resources */ = {
			isa = PBXResourcesBuildPhase;
			buildActionMask = 2147483647;
			files = (
			);
			runOnlyForDeploymentPostprocessing = 0;
		};
/* End PBXResourcesBuildPhase section */

/* Begin PBXSourcesBuildPhase section */
		D9F45B092252F585004014D2 /* Sources */ = {
			isa = PBXSourcesBuildPhase;
			buildActionMask = 2147483647;
			files = (
				D9FB5294225C7C6E0054CD67 /* Meal.swift in Sources */,
				D9F45B132252F585004014D2 /* MealViewController.swift in Sources */,
				D9F45B31225311CC004014D2 /* RatingControl.swift in Sources */,
				D9F45B112252F585004014D2 /* AppDelegate.swift in Sources */,
				D9FB5298225C80E00054CD67 /* MealTableViewController.swift in Sources */,
				D9FB5296225C7CC60054CD67 /* MealTableViewCell.swift in Sources */,
			);
			runOnlyForDeploymentPostprocessing = 0;
		};
		D9F45B1D2252F587004014D2 /* Sources */ = {
			isa = PBXSourcesBuildPhase;
			buildActionMask = 2147483647;
			files = (
				D9F45B262252F587004014D2 /* FoodtTrackerTests.swift in Sources */,
			);
			runOnlyForDeploymentPostprocessing = 0;
		};
/* End PBXSourcesBuildPhase section */

/* Begin PBXTargetDependency section */
		D9F45B232252F587004014D2 /* PBXTargetDependency */ = {
			isa = PBXTargetDependency;
			target = D9F45B0C2252F585004014D2 /* FoodtTracker */;
			targetProxy = D9F45B222252F587004014D2 /* PBXContainerItemProxy */;
		};
/* End PBXTargetDependency section */

/* Begin PBXVariantGroup section */
		D9F45B142252F585004014D2 /* Main.storyboard */ = {
			isa = PBXVariantGroup;
			children = (
				D9F45B152252F585004014D2 /* Base */,
			);
			name = Main.storyboard;
			sourceTree = "<group>";
		};
		D9F45B192252F587004014D2 /* LaunchScreen.storyboard */ = {
			isa = PBXVariantGroup;
			children = (
				D9F45B1A2252F587004014D2 /* Base */,
			);
			name = LaunchScreen.storyboard;
			sourceTree = "<group>";
		};
/* End PBXVariantGroup section */

/* Begin XCBuildConfiguration section */
		D9F45B282252F587004014D2 /* Debug */ = {
			isa = XCBuildConfiguration;
			buildSettings = {
				ALWAYS_SEARCH_USER_PATHS = NO;
				CLANG_ANALYZER_NONNULL = YES;
				CLANG_ANALYZER_NUMBER_OBJECT_CONVERSION = YES_AGGRESSIVE;
				CLANG_CXX_LANGUAGE_STANDARD = "gnu++14";
				CLANG_CXX_LIBRARY = "libc++";
				CLANG_ENABLE_MODULES = YES;
				CLANG_ENABLE_OBJC_ARC = YES;
				CLANG_ENABLE_OBJC_WEAK = YES;
				CLANG_WARN_BLOCK_CAPTURE_AUTORELEASING = YES;
				CLANG_WARN_BOOL_CONVERSION = YES;
				CLANG_WARN_COMMA = YES;
				CLANG_WARN_CONSTANT_CONVERSION = YES;
				CLANG_WARN_DEPRECATED_OBJC_IMPLEMENTATIONS = YES;
				CLANG_WARN_DIRECT_OBJC_ISA_USAGE = YES_ERROR;
				CLANG_WARN_DOCUMENTATION_COMMENTS = YES;
				CLANG_WARN_EMPTY_BODY = YES;
				CLANG_WARN_ENUM_CONVERSION = YES;
				CLANG_WARN_INFINITE_RECURSION = YES;
				CLANG_WARN_INT_CONVERSION = YES;
				CLANG_WARN_NON_LITERAL_NULL_CONVERSION = YES;
				CLANG_WARN_OBJC_IMPLICIT_RETAIN_SELF = YES;
				CLANG_WARN_OBJC_LITERAL_CONVERSION = YES;
				CLANG_WARN_OBJC_ROOT_CLASS = YES_ERROR;
				CLANG_WARN_RANGE_LOOP_ANALYSIS = YES;
				CLANG_WARN_STRICT_PROTOTYPES = YES;
				CLANG_WARN_SUSPICIOUS_MOVE = YES;
				CLANG_WARN_UNGUARDED_AVAILABILITY = YES_AGGRESSIVE;
				CLANG_WARN_UNREACHABLE_CODE = YES;
				CLANG_WARN__DUPLICATE_METHOD_MATCH = YES;
				CODE_SIGN_IDENTITY = "iPhone Developer";
				COPY_PHASE_STRIP = NO;
				DEBUG_INFORMATION_FORMAT = dwarf;
				ENABLE_STRICT_OBJC_MSGSEND = YES;
				ENABLE_TESTABILITY = YES;
				GCC_C_LANGUAGE_STANDARD = gnu11;
				GCC_DYNAMIC_NO_PIC = NO;
				GCC_NO_COMMON_BLOCKS = YES;
				GCC_OPTIMIZATION_LEVEL = 0;
				GCC_PREPROCESSOR_DEFINITIONS = (
					"DEBUG=1",
					"$(inherited)",
				);
				GCC_WARN_64_TO_32_BIT_CONVERSION = YES;
				GCC_WARN_ABOUT_RETURN_TYPE = YES_ERROR;
				GCC_WARN_UNDECLARED_SELECTOR = YES;
				GCC_WARN_UNINITIALIZED_AUTOS = YES_AGGRESSIVE;
				GCC_WARN_UNUSED_FUNCTION = YES;
				GCC_WARN_UNUSED_VARIABLE = YES;
				IPHONEOS_DEPLOYMENT_TARGET = 12.1;
				MTL_ENABLE_DEBUG_INFO = INCLUDE_SOURCE;
				MTL_FAST_MATH = YES;
				ONLY_ACTIVE_ARCH = YES;
				SDKROOT = iphoneos;
				SWIFT_ACTIVE_COMPILATION_CONDITIONS = DEBUG;
				SWIFT_OPTIMIZATION_LEVEL = "-Onone";
			};
			name = Debug;
		};
		D9F45B292252F587004014D2 /* Release */ = {
			isa = XCBuildConfiguration;
			buildSettings = {
				ALWAYS_SEARCH_USER_PATHS = NO;
				CLANG_ANALYZER_NONNULL = YES;
				CLANG_ANALYZER_NUMBER_OBJECT_CONVERSION = YES_AGGRESSIVE;
				CLANG_CXX_LANGUAGE_STANDARD = "gnu++14";
				CLANG_CXX_LIBRARY = "libc++";
				CLANG_ENABLE_MODULES = YES;
				CLANG_ENABLE_OBJC_ARC = YES;
				CLANG_ENABLE_OBJC_WEAK = YES;
				CLANG_WARN_BLOCK_CAPTURE_AUTORELEASING = YES;
				CLANG_WARN_BOOL_CONVERSION = YES;
				CLANG_WARN_COMMA = YES;
				CLANG_WARN_CONSTANT_CONVERSION = YES;
				CLANG_WARN_DEPRECATED_OBJC_IMPLEMENTATIONS = YES;
				CLANG_WARN_DIRECT_OBJC_ISA_USAGE = YES_ERROR;
				CLANG_WARN_DOCUMENTATION_COMMENTS = YES;
				CLANG_WARN_EMPTY_BODY = YES;
				CLANG_WARN_ENUM_CONVERSION = YES;
				CLANG_WARN_INFINITE_RECURSION = YES;
				CLANG_WARN_INT_CONVERSION = YES;
				CLANG_WARN_NON_LITERAL_NULL_CONVERSION = YES;
				CLANG_WARN_OBJC_IMPLICIT_RETAIN_SELF = YES;
				CLANG_WARN_OBJC_LITERAL_CONVERSION = YES;
				CLANG_WARN_OBJC_ROOT_CLASS = YES_ERROR;
				CLANG_WARN_RANGE_LOOP_ANALYSIS = YES;
				CLANG_WARN_STRICT_PROTOTYPES = YES;
				CLANG_WARN_SUSPICIOUS_MOVE = YES;
				CLANG_WARN_UNGUARDED_AVAILABILITY = YES_AGGRESSIVE;
				CLANG_WARN_UNREACHABLE_CODE = YES;
				CLANG_WARN__DUPLICATE_METHOD_MATCH = YES;
				CODE_SIGN_IDENTITY = "iPhone Developer";
				COPY_PHASE_STRIP = NO;
				DEBUG_INFORMATION_FORMAT = "dwarf-with-dsym";
				ENABLE_NS_ASSERTIONS = NO;
				ENABLE_STRICT_OBJC_MSGSEND = YES;
				GCC_C_LANGUAGE_STANDARD = gnu11;
				GCC_NO_COMMON_BLOCKS = YES;
				GCC_WARN_64_TO_32_BIT_CONVERSION = YES;
				GCC_WARN_ABOUT_RETURN_TYPE = YES_ERROR;
				GCC_WARN_UNDECLARED_SELECTOR = YES;
				GCC_WARN_UNINITIALIZED_AUTOS = YES_AGGRESSIVE;
				GCC_WARN_UNUSED_FUNCTION = YES;
				GCC_WARN_UNUSED_VARIABLE = YES;
				IPHONEOS_DEPLOYMENT_TARGET = 12.1;
				MTL_ENABLE_DEBUG_INFO = NO;
				MTL_FAST_MATH = YES;
				SDKROOT = iphoneos;
				SWIFT_COMPILATION_MODE = wholemodule;
				SWIFT_OPTIMIZATION_LEVEL = "-O";
				VALIDATE_PRODUCT = YES;
			};
			name = Release;
		};
		D9F45B2B2252F587004014D2 /* Debug */ = {
			isa = XCBuildConfiguration;
			buildSettings = {
				ASSETCATALOG_COMPILER_APPICON_NAME = AppIcon;
				CODE_SIGN_STYLE = Automatic;
				DEVELOPMENT_TEAM = VLKFR6M893;
				INFOPLIST_FILE = FoodtTracker/Info.plist;
				LD_RUNPATH_SEARCH_PATHS = (
					"$(inherited)",
					"@executable_path/Frameworks",
				);
				PRODUCT_BUNDLE_IDENTIFIER = "com.Gribov-Oleksandr.FoodtTracker";
				PRODUCT_NAME = "$(TARGET_NAME)";
				SWIFT_VERSION = 4.2;
				TARGETED_DEVICE_FAMILY = "1,2";
			};
			name = Debug;
		};
		D9F45B2C2252F587004014D2 /* Release */ = {
			isa = XCBuildConfiguration;
			buildSettings = {
				ASSETCATALOG_COMPILER_APPICON_NAME = AppIcon;
				CODE_SIGN_STYLE = Automatic;
				DEVELOPMENT_TEAM = VLKFR6M893;
				INFOPLIST_FILE = FoodtTracker/Info.plist;
				LD_RUNPATH_SEARCH_PATHS = (
					"$(inherited)",
					"@executable_path/Frameworks",
				);
				PRODUCT_BUNDLE_IDENTIFIER = "com.Gribov-Oleksandr.FoodtTracker";
				PRODUCT_NAME = "$(TARGET_NAME)";
				SWIFT_VERSION = 4.2;
				TARGETED_DEVICE_FAMILY = "1,2";
			};
			name = Release;
		};
		D9F45B2E2252F587004014D2 /* Debug */ = {
			isa = XCBuildConfiguration;
			buildSettings = {
				ALWAYS_EMBED_SWIFT_STANDARD_LIBRARIES = YES;
				BUNDLE_LOADER = "$(TEST_HOST)";
				CODE_SIGN_STYLE = Automatic;
				DEVELOPMENT_TEAM = VLKFR6M893;
				INFOPLIST_FILE = FoodtTrackerTests/Info.plist;
				LD_RUNPATH_SEARCH_PATHS = (
					"$(inherited)",
					"@executable_path/Frameworks",
					"@loader_path/Frameworks",
				);
				PRODUCT_BUNDLE_IDENTIFIER = "com.Gribov-Oleksandr.FoodtTrackerTests";
				PRODUCT_NAME = "$(TARGET_NAME)";
				SWIFT_VERSION = 4.2;
				TARGETED_DEVICE_FAMILY = "1,2";
				TEST_HOST = "$(BUILT_PRODUCTS_DIR)/FoodtTracker.app/FoodtTracker";
			};
			name = Debug;
		};
		D9F45B2F2252F587004014D2 /* Release */ = {
			isa = XCBuildConfiguration;
			buildSettings = {
				ALWAYS_EMBED_SWIFT_STANDARD_LIBRARIES = YES;
				BUNDLE_LOADER = "$(TEST_HOST)";
				CODE_SIGN_STYLE = Automatic;
				DEVELOPMENT_TEAM = VLKFR6M893;
				INFOPLIST_FILE = FoodtTrackerTests/Info.plist;
				LD_RUNPATH_SEARCH_PATHS = (
					"$(inherited)",
					"@executable_path/Frameworks",
					"@loader_path/Frameworks",
				);
				PRODUCT_BUNDLE_IDENTIFIER = "com.Gribov-Oleksandr.FoodtTrackerTests";
				PRODUCT_NAME = "$(TARGET_NAME)";
				SWIFT_VERSION = 4.2;
				TARGETED_DEVICE_FAMILY = "1,2";
				TEST_HOST = "$(BUILT_PRODUCTS_DIR)/FoodtTracker.app/FoodtTracker";
			};
			name = Release;
		};
/* End XCBuildConfiguration section */

/* Begin XCConfigurationList section */
		D9F45B082252F585004014D2 /* Build configuration list for PBXProject "FoodtTracker" */ = {
			isa = XCConfigurationList;
			buildConfigurations = (
				D9F45B282252F587004014D2 /* Debug */,
				D9F45B292252F587004014D2 /* Release */,
			);
			defaultConfigurationIsVisible = 0;
			defaultConfigurationName = Release;
		};
		D9F45B2A2252F587004014D2 /* Build configuration list for PBXNativeTarget "FoodtTracker" */ = {
			isa = XCConfigurationList;
			buildConfigurations = (
				D9F45B2B2252F587004014D2 /* Debug */,
				D9F45B2C2252F587004014D2 /* Release */,
			);
			defaultConfigurationIsVisible = 0;
			defaultConfigurationName = Release;
		};
		D9F45B2D2252F587004014D2 /* Build configuration list for PBXNativeTarget "FoodtTrackerTests" */ = {
			isa = XCConfigurationList;
			buildConfigurations = (
				D9F45B2E2252F587004014D2 /* Debug */,
				D9F45B2F2252F587004014D2 /* Release */,
			);
			defaultConfigurationIsVisible = 0;
			defaultConfigurationName = Release;
		};
/* End XCConfigurationList section */
	};
	rootObject = D9F45B052252F585004014D2 /* Project object */;
}
